{
  "object": {
    "pins": [
      {
        "package": "Everything",
        "repositoryURL": "https://github.com/schwa/Everything",
        "state": {
          "branch": "main",
          "revision": "810860706b219a165ccff237c09db3f163f93c81",
          "version": null
        }
      },
      {
        "package": "swift-collections",
        "repositoryURL": "https://github.com/apple/swift-collections.git",
        "state": {
          "branch": null,
          "revision": "48254824bb4248676bf7ce56014ff57b142b77eb",
          "version": "1.0.2"
        }
      }
    ]
  },
  "version": 1
}
