{
  "pins" : [
    {
      "identity" : "goldenimage",
      "kind" : "remoteSourceControl",
      "location" : "https://github.com/schwa/GoldenImage.git",
      "state" : {
        "branch" : "main",
        "revision" : "0ded59d4d0fe6d7796695aacea76b3bc56be410b"
      }
    },
    {
      "identity" : "swift-argument-parser",
      "kind" : "remoteSourceControl",
      "location" : "https://github.com/apple/swift-argument-parser",
      "state" : {
        "revision" : "6a52f3251125d74daf04fcbd5e6f08a75d074382",
        "version" : "1.8.2"
      }
    }
  ],
  "version" : 2
}
