// !$*UTF8*$!
{
	archiveVersion = 1;
	classes = {
	};
	objectVersion = 56;
	objects = {

/* Begin PBXBuildFile section */
		45042EB028DFDE17002E57EA /* Assets.xcassets in Resources */ = {isa = PBXBuildFile; fileRef = 45042EAF28DFDE17002E57EA /* Assets.xcassets */; };
		45042EB428DFDE17002E57EA /* Preview Assets.xcassets in Resources */ = {isa = PBXBuildFile; fileRef = 45042EB328DFDE17002E57EA /* Preview Assets.xcassets */; };
		45042EC928DFDE87002E57EA /* Everything in Frameworks */ = {isa = PBXBuildFile; productRef = 45042EC828DFDE87002E57EA /* Everything */; };
		45042ECC28DFDE9C002E57EA /* SwiftGLTF in Frameworks */ = {isa = PBXBuildFile; productRef = 45042ECB28DFDE9C002E57EA /* SwiftGLTF */; };
		45042ECF28DFDEB8002E57EA /* Zip in Frameworks */ = {isa = PBXBuildFile; productRef = 45042ECE28DFDEB8002E57EA /* Zip */; };
		45042ED628DFE02B002E57EA /* Box.gltf in Resources */ = {isa = PBXBuildFile; fileRef = 45042ED128DFE02B002E57EA /* Box.gltf */; };
		45042ED728DFE02B002E57EA /* BarramundiFish.glb in Resources */ = {isa = PBXBuildFile; fileRef = 45042ED228DFE02B002E57EA /* BarramundiFish.glb */; };
		45042ED828DFE02B002E57EA /* Scratch.swift in Sources */ = {isa = PBXBuildFile; fileRef = 45042ED328DFE02B002E57EA /* Scratch.swift */; };
		45042ED928DFE02B002E57EA /* ContentView.swift in Sources */ = {isa = PBXBuildFile; fileRef = 45042ED428DFE02B002E57EA /* ContentView.swift */; };
		45042EDA28DFE02B002E57EA /* GLTFInspector.swift in Sources */ = {isa = PBXBuildFile; fileRef = 45042ED528DFE02B002E57EA /* GLTFInspector.swift */; };
		45042EDC28DFE04D002E57EA /* App.swift in Sources */ = {isa = PBXBuildFile; fileRef = 45042EDB28DFE04D002E57EA /* App.swift */; };
/* End PBXBuildFile section */

/* Begin PBXFileReference section */
		45042EA828DFDE16002E57EA /* SwiftGLTFDemo.app */ = {isa = PBXFileReference; explicitFileType = wrapper.application; includeInIndex = 0; path = SwiftGLTFDemo.app; sourceTree = BUILT_PRODUCTS_DIR; };
		45042EAF28DFDE17002E57EA /* Assets.xcassets */ = {isa = PBXFileReference; lastKnownFileType = folder.assetcatalog; path = Assets.xcassets; sourceTree = "<group>"; };
		45042EB128DFDE17002E57EA /* SwiftGLTFDemo.entitlements */ = {isa = PBXFileReference; lastKnownFileType = text.plist.entitlements; path = SwiftGLTFDemo.entitlements; sourceTree = "<group>"; };
		45042EB328DFDE17002E57EA /* Preview Assets.xcassets */ = {isa = PBXFileReference; lastKnownFileType = folder.assetcatalog; path = "Preview Assets.xcassets"; sourceTree = "<group>"; };
		45042EBA28DFDE47002E57EA /* SwiftGLTF */ = {isa = PBXFileReference; lastKnownFileType = wrapper; name = SwiftGLTF; path = ..; sourceTree = "<group>"; };
		45042ED128DFE02B002E57EA /* Box.gltf */ = {isa = PBXFileReference; fileEncoding = 4; lastKnownFileType = text; path = Box.gltf; sourceTree = "<group>"; };
		45042ED228DFE02B002E57EA /* BarramundiFish.glb */ = {isa = PBXFileReference; lastKnownFileType = file; path = BarramundiFish.glb; sourceTree = "<group>"; };
		45042ED328DFE02B002E57EA /* Scratch.swift */ = {isa = PBXFileReference; fileEncoding = 4; lastKnownFileType = sourcecode.swift; path = Scratch.swift; sourceTree = "<group>"; };
		45042ED428DFE02B002E57EA /* ContentView.swift */ = {isa = PBXFileReference; fileEncoding = 4; lastKnownFileType = sourcecode.swift; path = ContentView.swift; sourceTree = "<group>"; };
		45042ED528DFE02B002E57EA /* GLTFInspector.swift */ = {isa = PBXFileReference; fileEncoding = 4; lastKnownFileType = sourcecode.swift; path = GLTFInspector.swift; sourceTree = "<group>"; };
		45042EDB28DFE04D002E57EA /* App.swift */ = {isa = PBXFileReference; lastKnownFileType = sourcecode.swift; path = App.swift; sourceTree = "<group>"; };
/* End PBXFileReference section */

/* Begin PBXFrameworksBuildPhase section */
		45042EA528DFDE16002E57EA /* Frameworks */ = {
			isa = PBXFrameworksBuildPhase;
			buildActionMask = 2147483647;
			files = (
				45042ECF28DFDEB8002E57EA /* Zip in Frameworks */,
				45042EC928DFDE87002E57EA /* Everything in Frameworks */,
				45042ECC28DFDE9C002E57EA /* SwiftGLTF in Frameworks */,
			);
			runOnlyForDeploymentPostprocessing = 0;
		};
/* End PBXFrameworksBuildPhase section */

/* Begin PBXGroup section */
		45042E9F28DFDE16002E57EA = {
			isa = PBXGroup;
			children = (
				45042ED028DFDF3A002E57EA /* Packages */,
				45042EAA28DFDE16002E57EA /* SwiftGLTFDemo */,
				45042EA928DFDE16002E57EA /* Products */,
				45042ECA28DFDE9C002E57EA /* Frameworks */,
			);
			sourceTree = "<group>";
		};
		45042EA928DFDE16002E57EA /* Products */ = {
			isa = PBXGroup;
			children = (
				45042EA828DFDE16002E57EA /* SwiftGLTFDemo.app */,
			);
			name = Products;
			sourceTree = "<group>";
		};
		45042EAA28DFDE16002E57EA /* SwiftGLTFDemo */ = {
			isa = PBXGroup;
			children = (
				45042ED228DFE02B002E57EA /* BarramundiFish.glb */,
				45042ED128DFE02B002E57EA /* Box.gltf */,
				45042EDB28DFE04D002E57EA /* App.swift */,
				45042ED428DFE02B002E57EA /* ContentView.swift */,
				45042ED528DFE02B002E57EA /* GLTFInspector.swift */,
				45042ED328DFE02B002E57EA /* Scratch.swift */,
				45042EAF28DFDE17002E57EA /* Assets.xcassets */,
				45042EB128DFDE17002E57EA /* SwiftGLTFDemo.entitlements */,
				45042EB228DFDE17002E57EA /* Preview Content */,
			);
			path = SwiftGLTFDemo;
			sourceTree = "<group>";
		};
		45042EB228DFDE17002E57EA /* Preview Content */ = {
			isa = PBXGroup;
			children = (
				45042EB328DFDE17002E57EA /* Preview Assets.xcassets */,
			);
			path = "Preview Content";
			sourceTree = "<group>";
		};
		45042ECA28DFDE9C002E57EA /* Frameworks */ = {
			isa = PBXGroup;
			children = (
			);
			name = Frameworks;
			sourceTree = "<group>";
		};
		45042ED028DFDF3A002E57EA /* Packages */ = {
			isa = PBXGroup;
			children = (
				45042EBA28DFDE47002E57EA /* SwiftGLTF */,
			);
			name = Packages;
			sourceTree = "<group>";
		};
/* End PBXGroup section */

/* Begin PBXNativeTarget section */
		45042EA728DFDE16002E57EA /* SwiftGLTFDemo */ = {
			isa = PBXNativeTarget;
			buildConfigurationList = 45042EB728DFDE17002E57EA /* Build configuration list for PBXNativeTarget "SwiftGLTFDemo" */;
			buildPhases = (
				45042EA428DFDE16002E57EA /* Sources */,
				45042EA528DFDE16002E57EA /* Frameworks */,
				45042EA628DFDE16002E57EA /* Resources */,
			);
			buildRules = (
			);
			dependencies = (
			);
			name = SwiftGLTFDemo;
			packageProductDependencies = (
				45042EC828DFDE87002E57EA /* Everything */,
				45042ECB28DFDE9C002E57EA /* SwiftGLTF */,
				45042ECE28DFDEB8002E57EA /* Zip */,
			);
			productName = SwiftGLTFDemo;
			productReference = 45042EA828DFDE16002E57EA /* SwiftGLTFDemo.app */;
			productType = "com.apple.product-type.application";
		};
/* End PBXNativeTarget section */

/* Begin PBXProject section */
		45042EA028DFDE16002E57EA /* Project object */ = {
			isa = PBXProject;
			attributes = {
				BuildIndependentTargetsInParallel = 1;
				LastSwiftUpdateCheck = 1410;
				LastUpgradeCheck = 1410;
				TargetAttributes = {
					45042EA728DFDE16002E57EA = {
						CreatedOnToolsVersion = 14.1;
						LastSwiftMigration = 1410;
					};
				};
			};
			buildConfigurationList = 45042EA328DFDE16002E57EA /* Build configuration list for PBXProject "SwiftGLTFDemo" */;
			compatibilityVersion = "Xcode 14.0";
			developmentRegion = en;
			hasScannedForEncodings = 0;
			knownRegions = (
				en,
				Base,
			);
			mainGroup = 45042E9F28DFDE16002E57EA;
			packageReferences = (
				45042EC728DFDE87002E57EA /* XCRemoteSwiftPackageReference "Everything" */,
				45042ECD28DFDEB8002E57EA /* XCRemoteSwiftPackageReference "Zip" */,
			);
			productRefGroup = 45042EA928DFDE16002E57EA /* Products */;
			projectDirPath = "";
			projectRoot = "";
			targets = (
				45042EA728DFDE16002E57EA /* SwiftGLTFDemo */,
			);
		};
/* End PBXProject section */

/* Begin PBXResourcesBuildPhase section */
		45042EA628DFDE16002E57EA /* Resources */ = {
			isa = PBXResourcesBuildPhase;
			buildActionMask = 2147483647;
			files = (
				45042ED728DFE02B002E57EA /* BarramundiFish.glb in Resources */,
				45042EB428DFDE17002E57EA /* Preview Assets.xcassets in Resources */,
				45042EB028DFDE17002E57EA /* Assets.xcassets in Resources */,
				45042ED628DFE02B002E57EA /* Box.gltf in Resources */,
			);
			runOnlyForDeploymentPostprocessing = 0;
		};
/* End PBXResourcesBuildPhase section */

/* Begin PBXSourcesBuildPhase section */
		45042EA428DFDE16002E57EA /* Sources */ = {
			isa = PBXSourcesBuildPhase;
			buildActionMask = 2147483647;
			files = (
				45042EDA28DFE02B002E57EA /* GLTFInspector.swift in Sources */,
				45042EDC28DFE04D002E57EA /* App.swift in Sources */,
				45042ED928DFE02B002E57EA /* ContentView.swift in Sources */,
				45042ED828DFE02B002E57EA /* Scratch.swift in Sources */,
			);
			runOnlyForDeploymentPostprocessing = 0;
		};
/* End PBXSourcesBuildPhase section */

/* Begin XCBuildConfiguration section */
		45042EB528DFDE17002E57EA /* Debug */ = {
			isa = XCBuildConfiguration;
			buildSettings = {
				ALWAYS_SEARCH_USER_PATHS = NO;
				CLANG_ANALYZER_NONNULL = YES;
				CLANG_ANALYZER_NUMBER_OBJECT_CONVERSION = YES_AGGRESSIVE;
				CLANG_CXX_LANGUAGE_STANDARD = "gnu++20";
				CLANG_ENABLE_MODULES = YES;
				CLANG_ENABLE_OBJC_ARC = YES;
				CLANG_ENABLE_OBJC_WEAK = YES;
				CLANG_WARN_BLOCK_CAPTURE_AUTORELEASING = YES;
				CLANG_WARN_BOOL_CONVERSION = YES;
				CLANG_WARN_COMMA = YES;
				CLANG_WARN_CONSTANT_CONVERSION = YES;
				CLANG_WARN_DEPRECATED_OBJC_IMPLEMENTATIONS = YES;
				CLANG_WARN_DIRECT_OBJC_ISA_USAGE = YES_ERROR;
				CLANG_WARN_DOCUMENTATION_COMMENTS = YES;
				CLANG_WARN_EMPTY_BODY = YES;
				CLANG_WARN_ENUM_CONVERSION = YES;
				CLANG_WARN_INFINITE_RECURSION = YES;
				CLANG_WARN_INT_CONVERSION = YES;
				CLANG_WARN_NON_LITERAL_NULL_CONVERSION = YES;
				CLANG_WARN_OBJC_IMPLICIT_RETAIN_SELF = YES;
				CLANG_WARN_OBJC_LITERAL_CONVERSION = YES;
				CLANG_WARN_OBJC_ROOT_CLASS = YES_ERROR;
				CLANG_WARN_QUOTED_INCLUDE_IN_FRAMEWORK_HEADER = YES;
				CLANG_WARN_RANGE_LOOP_ANALYSIS = YES;
				CLANG_WARN_STRICT_PROTOTYPES = YES;
				CLANG_WARN_SUSPICIOUS_MOVE = YES;
				CLANG_WARN_UNGUARDED_AVAILABILITY = YES_AGGRESSIVE;
				CLANG_WARN_UNREACHABLE_CODE = YES;
				CLANG_WARN__DUPLICATE_METHOD_MATCH = YES;
				COPY_PHASE_STRIP = NO;
				DEBUG_INFORMATION_FORMAT = dwarf;
				ENABLE_STRICT_OBJC_MSGSEND = YES;
				ENABLE_TESTABILITY = YES;
				GCC_C_LANGUAGE_STANDARD = gnu11;
				GCC_DYNAMIC_NO_PIC = NO;
				GCC_NO_COMMON_BLOCKS = YES;
				GCC_OPTIMIZATION_LEVEL = 0;
				GCC_PREPROCESSOR_DEFINITIONS = (
					"DEBUG=1",
					"$(inherited)",
				);
				GCC_WARN_64_TO_32_BIT_CONVERSION = YES;
				GCC_WARN_ABOUT_RETURN_TYPE = YES_ERROR;
				GCC_WARN_UNDECLARED_SELECTOR = YES;
				GCC_WARN_UNINITIALIZED_AUTOS = YES_AGGRESSIVE;
				GCC_WARN_UNUSED_FUNCTION = YES;
				GCC_WARN_UNUSED_VARIABLE = YES;
				MTL_ENABLE_DEBUG_INFO = INCLUDE_SOURCE;
				MTL_FAST_MATH = YES;
				ONLY_ACTIVE_ARCH = YES;
				SWIFT_ACTIVE_COMPILATION_CONDITIONS = DEBUG;
				SWIFT_OPTIMIZATION_LEVEL = "-Onone";
			};
			name = Debug;
		};
		45042EB628DFDE17002E57EA /* Release */ = {
			isa = XCBuildConfiguration;
			buildSettings = {
				ALWAYS_SEARCH_USER_PATHS = NO;
				CLANG_ANALYZER_NONNULL = YES;
				CLANG_ANALYZER_NUMBER_OBJECT_CONVERSION = YES_AGGRESSIVE;
				CLANG_CXX_LANGUAGE_STANDARD = "gnu++20";
				CLANG_ENABLE_MODULES = YES;
				CLANG_ENABLE_OBJC_ARC = YES;
				CLANG_ENABLE_OBJC_WEAK = YES;
				CLANG_WARN_BLOCK_CAPTURE_AUTORELEASING = YES;
				CLANG_WARN_BOOL_CONVERSION = YES;
				CLANG_WARN_COMMA = YES;
				CLANG_WARN_CONSTANT_CONVERSION = YES;
				CLANG_WARN_DEPRECATED_OBJC_IMPLEMENTATIONS = YES;
				CLANG_WARN_DIRECT_OBJC_ISA_USAGE = YES_ERROR;
				CLANG_WARN_DOCUMENTATION_COMMENTS = YES;
				CLANG_WARN_EMPTY_BODY = YES;
				CLANG_WARN_ENUM_CONVERSION = YES;
				CLANG_WARN_INFINITE_RECURSION = YES;
				CLANG_WARN_INT_CONVERSION = YES;
				CLANG_WARN_NON_LITERAL_NULL_CONVERSION = YES;
				CLANG_WARN_OBJC_IMPLICIT_RETAIN_SELF = YES;
				CLANG_WARN_OBJC_LITERAL_CONVERSION = YES;
				CLANG_WARN_OBJC_ROOT_CLASS = YES_ERROR;
				CLANG_WARN_QUOTED_INCLUDE_IN_FRAMEWORK_HEADER = YES;
				CLANG_WARN_RANGE_LOOP_ANALYSIS = YES;
				CLANG_WARN_STRICT_PROTOTYPES = YES;
				CLANG_WARN_SUSPICIOUS_MOVE = YES;
				CLANG_WARN_UNGUARDED_AVAILABILITY = YES_AGGRESSIVE;
				CLANG_WARN_UNREACHABLE_CODE = YES;
				CLANG_WARN__DUPLICATE_METHOD_MATCH = YES;
				COPY_PHASE_STRIP = NO;
				DEBUG_INFORMATION_FORMAT = "dwarf-with-dsym";
				ENABLE_NS_ASSERTIONS = NO;
				ENABLE_STRICT_OBJC_MSGSEND = YES;
				GCC_C_LANGUAGE_STANDARD = gnu11;
				GCC_NO_COMMON_BLOCKS = YES;
				GCC_WARN_64_TO_32_BIT_CONVERSION = YES;
				GCC_WARN_ABOUT_RETURN_TYPE = YES_ERROR;
				GCC_WARN_UNDECLARED_SELECTOR = YES;
				GCC_WARN_UNINITIALIZED_AUTOS = YES_AGGRESSIVE;
				GCC_WARN_UNUSED_FUNCTION = YES;
				GCC_WARN_UNUSED_VARIABLE = YES;
				MTL_ENABLE_DEBUG_INFO = NO;
				MTL_FAST_MATH = YES;
				SWIFT_COMPILATION_MODE = wholemodule;
				SWIFT_OPTIMIZATION_LEVEL = "-O";
			};
			name = Release;
		};
		45042EB828DFDE17002E57EA /* Debug */ = {
			isa = XCBuildConfiguration;
			buildSettings = {
				ASSETCATALOG_COMPILER_APPICON_NAME = AppIcon;
				ASSETCATALOG_COMPILER_GLOBAL_ACCENT_COLOR_NAME = AccentColor;
				CLANG_ENABLE_MODULES = YES;
				CODE_SIGN_ENTITLEMENTS = SwiftGLTFDemo/SwiftGLTFDemo.entitlements;
				CODE_SIGN_STYLE = Automatic;
				CURRENT_PROJECT_VERSION = 1;
				DEVELOPMENT_ASSET_PATHS = "\"SwiftGLTFDemo/Preview Content\"";
				DEVELOPMENT_TEAM = 6E23EP94PG;
				ENABLE_HARDENED_RUNTIME = YES;
				ENABLE_PREVIEWS = YES;
				GENERATE_INFOPLIST_FILE = YES;
				"INFOPLIST_KEY_UIApplicationSceneManifest_Generation[sdk=iphoneos*]" = YES;
				"INFOPLIST_KEY_UIApplicationSceneManifest_Generation[sdk=iphonesimulator*]" = YES;
				"INFOPLIST_KEY_UIApplicationSupportsIndirectInputEvents[sdk=iphoneos*]" = YES;
				"INFOPLIST_KEY_UIApplicationSupportsIndirectInputEvents[sdk=iphonesimulator*]" = YES;
				"INFOPLIST_KEY_UILaunchScreen_Generation[sdk=iphoneos*]" = YES;
				"INFOPLIST_KEY_UILaunchScreen_Generation[sdk=iphonesimulator*]" = YES;
				"INFOPLIST_KEY_UIStatusBarStyle[sdk=iphoneos*]" = UIStatusBarStyleDefault;
				"INFOPLIST_KEY_UIStatusBarStyle[sdk=iphonesimulator*]" = UIStatusBarStyleDefault;
				INFOPLIST_KEY_UISupportedInterfaceOrientations_iPad = "UIInterfaceOrientationPortrait UIInterfaceOrientationPortraitUpsideDown UIInterfaceOrientationLandscapeLeft UIInterfaceOrientationLandscapeRight";
				INFOPLIST_KEY_UISupportedInterfaceOrientations_iPhone = "UIInterfaceOrientationPortrait UIInterfaceOrientationLandscapeLeft UIInterfaceOrientationLandscapeRight";
				IPHONEOS_DEPLOYMENT_TARGET = 17.0;
				LD_RUNPATH_SEARCH_PATHS = "@executable_path/Frameworks";
				"LD_RUNPATH_SEARCH_PATHS[sdk=macosx*]" = "@executable_path/../Frameworks";
				MACOSX_DEPLOYMENT_TARGET = 14;
				MARKETING_VERSION = 1.0;
				PRODUCT_BUNDLE_IDENTIFIER = io.schwa.SwiftGLTFDemo;
				PRODUCT_NAME = "$(TARGET_NAME)";
				SDKROOT = auto;
				SUPPORTED_PLATFORMS = "iphoneos iphonesimulator macosx";
				SWIFT_EMIT_LOC_STRINGS = YES;
				SWIFT_OPTIMIZATION_LEVEL = "-Onone";
				SWIFT_VERSION = 5.0;
				TARGETED_DEVICE_FAMILY = "1,2";
			};
			name = Debug;
		};
		45042EB928DFDE17002E57EA /* Release */ = {
			isa = XCBuildConfiguration;
			buildSettings = {
				ASSETCATALOG_COMPILER_APPICON_NAME = AppIcon;
				ASSETCATALOG_COMPILER_GLOBAL_ACCENT_COLOR_NAME = AccentColor;
				CLANG_ENABLE_MODULES = YES;
				CODE_SIGN_ENTITLEMENTS = SwiftGLTFDemo/SwiftGLTFDemo.entitlements;
				CODE_SIGN_STYLE = Automatic;
				CURRENT_PROJECT_VERSION = 1;
				DEVELOPMENT_ASSET_PATHS = "\"SwiftGLTFDemo/Preview Content\"";
				DEVELOPMENT_TEAM = 6E23EP94PG;
				ENABLE_HARDENED_RUNTIME = YES;
				ENABLE_PREVIEWS = YES;
				GENERATE_INFOPLIST_FILE = YES;
				"INFOPLIST_KEY_UIApplicationSceneManifest_Generation[sdk=iphoneos*]" = YES;
				"INFOPLIST_KEY_UIApplicationSceneManifest_Generation[sdk=iphonesimulator*]" = YES;
				"INFOPLIST_KEY_UIApplicationSupportsIndirectInputEvents[sdk=iphoneos*]" = YES;
				"INFOPLIST_KEY_UIApplicationSupportsIndirectInputEvents[sdk=iphonesimulator*]" = YES;
				"INFOPLIST_KEY_UILaunchScreen_Generation[sdk=iphoneos*]" = YES;
				"INFOPLIST_KEY_UILaunchScreen_Generation[sdk=iphonesimulator*]" = YES;
				"INFOPLIST_KEY_UIStatusBarStyle[sdk=iphoneos*]" = UIStatusBarStyleDefault;
				"INFOPLIST_KEY_UIStatusBarStyle[sdk=iphonesimulator*]" = UIStatusBarStyleDefault;
				INFOPLIST_KEY_UISupportedInterfaceOrientations_iPad = "UIInterfaceOrientationPortrait UIInterfaceOrientationPortraitUpsideDown UIInterfaceOrientationLandscapeLeft UIInterfaceOrientationLandscapeRight";
				INFOPLIST_KEY_UISupportedInterfaceOrientations_iPhone = "UIInterfaceOrientationPortrait UIInterfaceOrientationLandscapeLeft UIInterfaceOrientationLandscapeRight";
				IPHONEOS_DEPLOYMENT_TARGET = 17.0;
				LD_RUNPATH_SEARCH_PATHS = "@executable_path/Frameworks";
				"LD_RUNPATH_SEARCH_PATHS[sdk=macosx*]" = "@executable_path/../Frameworks";
				MACOSX_DEPLOYMENT_TARGET = 14;
				MARKETING_VERSION = 1.0;
				PRODUCT_BUNDLE_IDENTIFIER = io.schwa.SwiftGLTFDemo;
				PRODUCT_NAME = "$(TARGET_NAME)";
				SDKROOT = auto;
				SUPPORTED_PLATFORMS = "iphoneos iphonesimulator macosx";
				SWIFT_EMIT_LOC_STRINGS = YES;
				SWIFT_VERSION = 5.0;
				TARGETED_DEVICE_FAMILY = "1,2";
			};
			name = Release;
		};
/* End XCBuildConfiguration section */

/* Begin XCConfigurationList section */
		45042EA328DFDE16002E57EA /* Build configuration list for PBXProject "SwiftGLTFDemo" */ = {
			isa = XCConfigurationList;
			buildConfigurations = (
				45042EB528DFDE17002E57EA /* Debug */,
				45042EB628DFDE17002E57EA /* Release */,
			);
			defaultConfigurationIsVisible = 0;
			defaultConfigurationName = Release;
		};
		45042EB728DFDE17002E57EA /* Build configuration list for PBXNativeTarget "SwiftGLTFDemo" */ = {
			isa = XCConfigurationList;
			buildConfigurations = (
				45042EB828DFDE17002E57EA /* Debug */,
				45042EB928DFDE17002E57EA /* Release */,
			);
			defaultConfigurationIsVisible = 0;
			defaultConfigurationName = Release;
		};
/* End XCConfigurationList section */

/* Begin XCRemoteSwiftPackageReference section */
		45042EC728DFDE87002E57EA /* XCRemoteSwiftPackageReference "Everything" */ = {
			isa = XCRemoteSwiftPackageReference;
			repositoryURL = "https://github.com/schwa/Everything";
			requirement = {
				kind = upToNextMajorVersion;
				minimumVersion = 0.0.1;
			};
		};
		45042ECD28DFDEB8002E57EA /* XCRemoteSwiftPackageReference "Zip" */ = {
			isa = XCRemoteSwiftPackageReference;
			repositoryURL = "https://github.com/marmelroy/Zip.git";
			requirement = {
				kind = upToNextMajorVersion;
				minimumVersion = 2.0.0;
			};
		};
/* End XCRemoteSwiftPackageReference section */

/* Begin XCSwiftPackageProductDependency section */
		45042EC828DFDE87002E57EA /* Everything */ = {
			isa = XCSwiftPackageProductDependency;
			package = 45042EC728DFDE87002E57EA /* XCRemoteSwiftPackageReference "Everything" */;
			productName = Everything;
		};
		45042ECB28DFDE9C002E57EA /* SwiftGLTF */ = {
			isa = XCSwiftPackageProductDependency;
			productName = SwiftGLTF;
		};
		45042ECE28DFDEB8002E57EA /* Zip */ = {
			isa = XCSwiftPackageProductDependency;
			package = 45042ECD28DFDEB8002E57EA /* XCRemoteSwiftPackageReference "Zip" */;
			productName = Zip;
		};
/* End XCSwiftPackageProductDependency section */
	};
	rootObject = 45042EA028DFDE16002E57EA /* Project object */;
}
